
Microsoft Visual Studio Solution File, Format Version 12.00
# Visual Studio 15
Project("{FAE04EC0-301F-11D3-BF4B-00C04F79EFBC}") = "AfinniSifra", "AfinniSifra\AfinniSifra.csproj", "{38FF4FC4-CB9D-45EE-98B0-52642298DFBF}"
EndProject
Global
	GlobalSection(SolutionConfigurationPlatforms) = preSolution
		Debug|Any CPU = Debug|Any CPU
		Release|Any CPU = Release|Any CPU
	EndGlobalSection
	GlobalSection(ProjectConfigurationPlatforms) = postSolution
		{38FF4FC4-CB9D-45EE-98B0-52642298DFBF}.Debug|Any CPU.ActiveCfg = Debug|Any CPU
		{38FF4FC4-CB9D-45EE-98B0-52642298DFBF}.Debug|Any CPU.Build.0 = Debug|Any CPU
		{38FF4FC4-CB9D-45EE-98B0-52642298DFBF}.Release|Any CPU.ActiveCfg = Release|Any CPU
		{38FF4FC4-CB9D-45EE-98B0-52642298DFBF}.Release|Any CPU.Build.0 = Release|Any CPU
	EndGlobalSection
EndGlobal
